
Microsoft Visual Studio Solution File, Format Version 12.00
# Visual Studio 15
VisualStudioVersion = 15.0.27004.2008
MinimumVisualStudioVersion = 10.0.40219.1
Project("{FAE04EC0-301F-11D3-BF4B-00C04F79EFBC}") = "PartialDownload", "PartialDownload\PartialDownload.csproj", "{912DB248-FDC1-45BB-B38A-14A74DA265CB}"
EndProject
Global
	GlobalSection(SolutionConfigurationPlatforms) = preSolution
		Debug|Any CPU = Debug|Any CPU
		Release|Any CPU = Release|Any CPU
	EndGlobalSection
	GlobalSection(ProjectConfigurationPlatforms) = postSolution
		{912DB248-FDC1-45BB-B38A-14A74DA265CB}.Debug|Any CPU.ActiveCfg = Debug|Any CPU
		{912DB248-FDC1-45BB-B38A-14A74DA265CB}.Debug|Any CPU.Build.0 = Debug|Any CPU
		{912DB248-FDC1-45BB-B38A-14A74DA265CB}.Release|Any CPU.ActiveCfg = Release|Any CPU
		{912DB248-FDC1-45BB-B38A-14A74DA265CB}.Release|Any CPU.Build.0 = Release|Any CPU
	EndGlobalSection
	GlobalSection(SolutionProperties) = preSolution
		HideSolutionNode = FALSE
	EndGlobalSection
	GlobalSection(ExtensibilityGlobals) = postSolution
		SolutionGuid = {2F3F085B-B551-4C5F-BD46-6D2CC2AE4467}
	EndGlobalSection
EndGlobal
